
Microsoft Visual Studio Solution File, Format Version 12.00
# Visual Studio Version 16
VisualStudioVersion = 16.0.30611.23
MinimumVisualStudioVersion = 10.0.40219.1
Project("{FAE04EC0-301F-11D3-BF4B-00C04F79EFBC}") = "Tamagotchi", "Tamagotchi\Tamagotchi.csproj", "{E1AA2C02-07DC-40D0-94B7-181910364E6E}"
EndProject
Global
	GlobalSection(SolutionConfigurationPlatforms) = preSolution
		Debug|Any CPU = Debug|Any CPU
		Release|Any CPU = Release|Any CPU
	EndGlobalSection
	GlobalSection(ProjectConfigurationPlatforms) = postSolution
		{E1AA2C02-07DC-40D0-94B7-181910364E6E}.Debug|Any CPU.ActiveCfg = Debug|Any CPU
		{E1AA2C02-07DC-40D0-94B7-181910364E6E}.Debug|Any CPU.Build.0 = Debug|Any CPU
		{E1AA2C02-07DC-40D0-94B7-181910364E6E}.Release|Any CPU.ActiveCfg = Release|Any CPU
		{E1AA2C02-07DC-40D0-94B7-181910364E6E}.Release|Any CPU.Build.0 = Release|Any CPU
	EndGlobalSection
	GlobalSection(SolutionProperties) = preSolution
		HideSolutionNode = FALSE
	EndGlobalSection
	GlobalSection(ExtensibilityGlobals) = postSolution
		SolutionGuid = {94A41E36-34E4-4F00-A0EA-4A5918EC61B8}
	EndGlobalSection
EndGlobal
